
Microsoft Visual Studio Solution File, Format Version 12.00
# Visual Studio Version 16
VisualStudioVersion = 16.0.29920.165
MinimumVisualStudioVersion = 10.0.40219.1
Project("{FAE04EC0-301F-11D3-BF4B-00C04F79EFBC}") = "DogWalker", "DogWalker\DogWalker.csproj", "{02A3A7EB-B965-44F1-B54C-E1DC7B38344E}"
EndProject
Global
	GlobalSection(SolutionConfigurationPlatforms) = preSolution
		Debug|Any CPU = Debug|Any CPU
		Release|Any CPU = Release|Any CPU
	EndGlobalSection
	GlobalSection(ProjectConfigurationPlatforms) = postSolution
		{02A3A7EB-B965-44F1-B54C-E1DC7B38344E}.Debug|Any CPU.ActiveCfg = Debug|Any CPU
		{02A3A7EB-B965-44F1-B54C-E1DC7B38344E}.Debug|Any CPU.Build.0 = Debug|Any CPU
		{02A3A7EB-B965-44F1-B54C-E1DC7B38344E}.Release|Any CPU.ActiveCfg = Release|Any CPU
		{02A3A7EB-B965-44F1-B54C-E1DC7B38344E}.Release|Any CPU.Build.0 = Release|Any CPU
	EndGlobalSection
	GlobalSection(SolutionProperties) = preSolution
		HideSolutionNode = FALSE
	EndGlobalSection
	GlobalSection(ExtensibilityGlobals) = postSolution
		SolutionGuid = {252EBE94-E5A4-46D3-B2BF-D6750C1687D7}
	EndGlobalSection
EndGlobal
